
Microsoft Visual Studio Solution File, Format Version 12.00
# Visual Studio 15
VisualStudioVersion = 15.0.28307.902
MinimumVisualStudioVersion = 10.0.40219.1
Project("{FAE04EC0-301F-11D3-BF4B-00C04F79EFBC}") = "ImproveWithWepApis", "ImproveWithWepApis\ImproveWithWepApis.csproj", "{C1F6D6B5-7065-4F88-94C6-25B41CC2856D}"
EndProject
Global
	GlobalSection(SolutionConfigurationPlatforms) = preSolution
		Debug|Any CPU = Debug|Any CPU
		Release|Any CPU = Release|Any CPU
	EndGlobalSection
	GlobalSection(ProjectConfigurationPlatforms) = postSolution
		{C1F6D6B5-7065-4F88-94C6-25B41CC2856D}.Debug|Any CPU.ActiveCfg = Debug|Any CPU
		{C1F6D6B5-7065-4F88-94C6-25B41CC2856D}.Debug|Any CPU.Build.0 = Debug|Any CPU
		{C1F6D6B5-7065-4F88-94C6-25B41CC2856D}.Release|Any CPU.ActiveCfg = Release|Any CPU
		{C1F6D6B5-7065-4F88-94C6-25B41CC2856D}.Release|Any CPU.Build.0 = Release|Any CPU
	EndGlobalSection
	GlobalSection(SolutionProperties) = preSolution
		HideSolutionNode = FALSE
	EndGlobalSection
	GlobalSection(ExtensibilityGlobals) = postSolution
		SolutionGuid = {84A350EF-8E4C-4353-B3D5-5F2D52A4C02B}
	EndGlobalSection
EndGlobal
